
Microsoft Visual Studio Solution File, Format Version 12.00
# Visual Studio 15
VisualStudioVersion = 15.0.28307.1321
MinimumVisualStudioVersion = 10.0.40219.1
Project("{FAE04EC0-301F-11D3-BF4B-00C04F79EFBC}") = "DeltaApiForHr", "DeltaApiForHr\DeltaApiForHr.csproj", "{78B65C90-C4FC-46E3-87A8-5ABD575CE594}"
EndProject
Global
	GlobalSection(SolutionConfigurationPlatforms) = preSolution
		Debug|Any CPU = Debug|Any CPU
		Release|Any CPU = Release|Any CPU
	EndGlobalSection
	GlobalSection(ProjectConfigurationPlatforms) = postSolution
		{78B65C90-C4FC-46E3-87A8-5ABD575CE594}.Debug|Any CPU.ActiveCfg = Debug|Any CPU
		{78B65C90-C4FC-46E3-87A8-5ABD575CE594}.Debug|Any CPU.Build.0 = Debug|Any CPU
		{78B65C90-C4FC-46E3-87A8-5ABD575CE594}.Release|Any CPU.ActiveCfg = Release|Any CPU
		{78B65C90-C4FC-46E3-87A8-5ABD575CE594}.Release|Any CPU.Build.0 = Release|Any CPU
	EndGlobalSection
	GlobalSection(SolutionProperties) = preSolution
		HideSolutionNode = FALSE
	EndGlobalSection
	GlobalSection(ExtensibilityGlobals) = postSolution
		SolutionGuid = {1BE31A5B-904A-4D0F-BC7A-F57BC63927F1}
	EndGlobalSection
EndGlobal
